
Microsoft Visual Studio Solution File, Format Version 12.00
# Visual Studio Version 17
VisualStudioVersion = 17.11.35327.3
MinimumVisualStudioVersion = 10.0.40219.1
Project("{FAE04EC0-301F-11D3-BF4B-00C04F79EFBC}") = "DATOR0221PAYROLL", "DATOR0221PAYROLL.csproj", "{F4DDC6F8-AF9B-4FB3-B22A-A6D6809AD261}"
EndProject
Global
	GlobalSection(SolutionConfigurationPlatforms) = preSolution
		Debug|Any CPU = Debug|Any CPU
		Release|Any CPU = Release|Any CPU
	EndGlobalSection
	GlobalSection(ProjectConfigurationPlatforms) = postSolution
		{F4DDC6F8-AF9B-4FB3-B22A-A6D6809AD261}.Debug|Any CPU.ActiveCfg = Debug|Any CPU
		{F4DDC6F8-AF9B-4FB3-B22A-A6D6809AD261}.Debug|Any CPU.Build.0 = Debug|Any CPU
		{F4DDC6F8-AF9B-4FB3-B22A-A6D6809AD261}.Release|Any CPU.ActiveCfg = Release|Any CPU
		{F4DDC6F8-AF9B-4FB3-B22A-A6D6809AD261}.Release|Any CPU.Build.0 = Release|Any CPU
	EndGlobalSection
	GlobalSection(SolutionProperties) = preSolution
		HideSolutionNode = FALSE
	EndGlobalSection
	GlobalSection(ExtensibilityGlobals) = postSolution
		SolutionGuid = {14436AB3-C6F0-482D-9025-2CF815C50396}
	EndGlobalSection
EndGlobal
